{
  "nodes": {
    "flake-utils": {
      "inputs": {
        "systems": "systems"
      },
      "locked": {
        "lastModified": 1731533236,
        "narHash": "sha256-l0KFg5HjrsfsO/JpG+r7fRrqm12kzFHyUHqHCVpMMbI=",
        "owner": "numtide",
        "repo": "flake-utils",
        "rev": "11707dc2f618dd54ca8739b309ec4fc024de578b",
        "type": "github"
      },
      "original": {
        "owner": "numtide",
        "repo": "flake-utils",
        "type": "github"
      }
    },
    "nixCats": {
      "locked": {
        "lastModified": 1776724015,
        "narHash": "sha256-kFpzUivYI8F75cZcggmjKM8HEEJPajKNLweYsTYdM7Q=",
        "owner": "BirdeeHub",
        "repo": "nixCats-nvim",
        "rev": "da76c45b33d589836946bb566bd91df4cd3cfb09",
        "type": "github"
      },
      "original": {
        "owner": "BirdeeHub",
        "repo": "nixCats-nvim",
        "type": "github"
      }
    },
    "nixpkgs": {
      "locked": {
        "lastModified": 1776329215,
        "narHash": "sha256-a8BYi3mzoJ/AcJP8UldOx8emoPRLeWqALZWu4ZvjPXw=",
        "owner": "nixos",
        "repo": "nixpkgs",
        "rev": "b86751bc4085f48661017fa226dee99fab6c651b",
        "type": "github"
      },
      "original": {
        "owner": "nixos",
        "ref": "nixpkgs-unstable",
        "repo": "nixpkgs",
        "type": "github"
      }
    },
    "plugins-auto-dark-mode-nvim": {
      "flake": false,
      "locked": {
        "lastModified": 1774803352,
        "narHash": "sha256-xTgRyct3L6Gcz/vdYSc+h2IUgi/+Lh1Q4mxJwHISeis=",
        "owner": "f-person",
        "repo": "auto-dark-mode.nvim",
        "rev": "54058b4fe414bd64bd2904a6f8a63f1f14e3d8df",
        "type": "github"
      },
      "original": {
        "owner": "f-person",
        "repo": "auto-dark-mode.nvim",
        "type": "github"
      }
    },
    "root": {
      "inputs": {
        "flake-utils": "flake-utils",
        "nixCats": "nixCats",
        "nixpkgs": "nixpkgs",
        "plugins-auto-dark-mode-nvim": "plugins-auto-dark-mode-nvim"
      }
    },
    "systems": {
      "locked": {
        "lastModified": 1681028828,
        "narHash": "sha256-Vy1rq5AaRuLzOxct8nz4T6wlgyUR7zLU309k9mBC768=",
        "owner": "nix-systems",
        "repo": "default",
        "rev": "da67096a3b9bf56a91d16901293e51ba5b49a27e",
        "type": "github"
      },
      "original": {
        "owner": "nix-systems",
        "repo": "default",
        "type": "github"
      }
    }
  },
  "root": "root",
  "version": 7
}
